PODS:
  - ChameleonFramework/Default (2.1.0)
  - ChameleonFramework/Swift (2.1.0):
    - ChameleonFramework/Default
  - IQKeyboardManagerSwift (5.0.0)

DEPENDENCIES:
  - ChameleonFramework/Swift
  - IQKeyboardManagerSwift (= 5.0.0)

SPEC CHECKSUMS:
  ChameleonFramework: d21a3cc247abfe5e37609a283a8238b03575cf64
  IQKeyboardManagerSwift: 3f340202ebe1a7076279b9b9b3c817243ddb3aab

PODFILE CHECKSUM: 0deaadbca301518238d8ab7564da9f33c9f24979

COCOAPODS: 1.4.0
